
Microsoft Visual Studio Solution File, Format Version 12.00
# Visual Studio Version 17
VisualStudioVersion = 17.9.34728.123
MinimumVisualStudioVersion = 10.0.40219.1
Project("{9A19103F-16F7-4668-BE54-9A1E7A4F7556}") = "TLD14", "TLD14\TLD14.csproj", "{191404C9-09C3-40E7-A075-4478CAF5EE6F}"
EndProject
Project("{2150E333-8FDC-42A3-9474-1A3956D46DE8}") = "config", "config", "{581A34A0-0CB9-45FA-87EF-D518698BF982}"
	ProjectSection(SolutionItems) = preProject
		..\..\TLD14-old\Infrastructure\redis.conf = ..\..\TLD14-old\Infrastructure\redis.conf
	EndProjectSection
EndProject
Project("{FAE04EC0-301F-11D3-BF4B-00C04F79EFBC}") = "Common", "Common\Common.csproj", "{3D9C2EF5-3239-40D2-8781-32633A30683D}"
EndProject
Global
	GlobalSection(SolutionConfigurationPlatforms) = preSolution
		Debug|Any CPU = Debug|Any CPU
		Release|Any CPU = Release|Any CPU
	EndGlobalSection
	GlobalSection(ProjectConfigurationPlatforms) = postSolution
		{191404C9-09C3-40E7-A075-4478CAF5EE6F}.Debug|Any CPU.ActiveCfg = Debug|Any CPU
		{191404C9-09C3-40E7-A075-4478CAF5EE6F}.Debug|Any CPU.Build.0 = Debug|Any CPU
		{191404C9-09C3-40E7-A075-4478CAF5EE6F}.Release|Any CPU.ActiveCfg = Release|Any CPU
		{191404C9-09C3-40E7-A075-4478CAF5EE6F}.Release|Any CPU.Build.0 = Release|Any CPU
		{3D9C2EF5-3239-40D2-8781-32633A30683D}.Debug|Any CPU.ActiveCfg = Debug|Any CPU
		{3D9C2EF5-3239-40D2-8781-32633A30683D}.Debug|Any CPU.Build.0 = Debug|Any CPU
		{3D9C2EF5-3239-40D2-8781-32633A30683D}.Release|Any CPU.ActiveCfg = Release|Any CPU
		{3D9C2EF5-3239-40D2-8781-32633A30683D}.Release|Any CPU.Build.0 = Release|Any CPU
	EndGlobalSection
	GlobalSection(SolutionProperties) = preSolution
		HideSolutionNode = FALSE
	EndGlobalSection
	GlobalSection(ExtensibilityGlobals) = postSolution
		SolutionGuid = {1E0D4F1A-1FD2-4066-B4D2-93BA59EE308E}
	EndGlobalSection
EndGlobal
